PODS:
  - Google-Mobile-Ads-SDK (7.31.0)

DEPENDENCIES:
  - Google-Mobile-Ads-SDK

SPEC REPOS:
  https://github.com/cocoapods/specs.git:
    - Google-Mobile-Ads-SDK

SPEC CHECKSUMS:
  Google-Mobile-Ads-SDK: 6e529e748b45507a2ca904e0b5a52669ba3920c4

PODFILE CHECKSUM: faa52b2e88ec63915489d840f66c0c6bf3dcac66

COCOAPODS: 1.5.3
