// !$*UTF8*$!
{
	archiveVersion = 1;
	classes = {
	};
	objectVersion = 50;
	objects = {

/* Begin PBXBuildFile section */
		F071D42320E5BE3F005D3571 /* AppDelegate.swift in Sources */ = {isa = PBXBuildFile; fileRef = F071D42220E5BE3F005D3571 /* AppDelegate.swift */; };
		F071D42520E5BE3F005D3571 /* ViewController.swift in Sources */ = {isa = PBXBuildFile; fileRef = F071D42420E5BE3F005D3571 /* ViewController.swift */; };
		F071D42820E5BE3F005D3571 /* Main.storyboard in Resources */ = {isa = PBXBuildFile; fileRef = F071D42620E5BE3F005D3571 /* Main.storyboard */; };
		F071D42A20E5BE42005D3571 /* Assets.xcassets in Resources */ = {isa = PBXBuildFile; fileRef = F071D42920E5BE42005D3571 /* Assets.xcassets */; };
		F071D42D20E5BE42005D3571 /* LaunchScreen.storyboard in Resources */ = {isa = PBXBuildFile; fileRef = F071D42B20E5BE42005D3571 /* LaunchScreen.storyboard */; };
		F071D43820E5BE42005D3571 /* adsTests.swift in Sources */ = {isa = PBXBuildFile; fileRef = F071D43720E5BE42005D3571 /* adsTests.swift */; };
		F071D44320E5BE42005D3571 /* adsUITests.swift in Sources */ = {isa = PBXBuildFile; fileRef = F071D44220E5BE42005D3571 /* adsUITests.swift */; };
/* End PBXBuildFile section */

/* Begin PBXContainerItemProxy section */
		F071D43420E5BE42005D3571 /* PBXContainerItemProxy */ = {
			isa = PBXContainerItemProxy;
			containerPortal = F071D41720E5BE3F005D3571 /* Project object */;
			proxyType = 1;
			remoteGlobalIDString = F071D41E20E5BE3F005D3571;
			remoteInfo = ads;
		};
		F071D43F20E5BE42005D3571 /* PBXContainerItemProxy */ = {
			isa = PBXContainerItemProxy;
			containerPortal = F071D41720E5BE3F005D3571 /* Project object */;
			proxyType = 1;
			remoteGlobalIDString = F071D41E20E5BE3F005D3571;
			remoteInfo = ads;
		};
/* End PBXContainerItemProxy section */

/* Begin PBXFileReference section */
		F071D41F20E5BE3F005D3571 /* ads.app */ = {isa = PBXFileReference; explicitFileType = wrapper.application; includeInIndex = 0; path = ads.app; sourceTree = BUILT_PRODUCTS_DIR; };
		F071D42220E5BE3F005D3571 /* AppDelegate.swift */ = {isa = PBXFileReference; lastKnownFileType = sourcecode.swift; path = AppDelegate.swift; sourceTree = "<group>"; };
		F071D42420E5BE3F005D3571 /* ViewController.swift */ = {isa = PBXFileReference; lastKnownFileType = sourcecode.swift; path = ViewController.swift; sourceTree = "<group>"; };
		F071D42720E5BE3F005D3571 /* Base */ = {isa = PBXFileReference; lastKnownFileType = file.storyboard; name = Base; path = Base.lproj/Main.storyboard; sourceTree = "<group>"; };
		F071D42920E5BE42005D3571 /* Assets.xcassets */ = {isa = PBXFileReference; lastKnownFileType = folder.assetcatalog; path = Assets.xcassets; sourceTree = "<group>"; };
		F071D42C20E5BE42005D3571 /* Base */ = {isa = PBXFileReference; lastKnownFileType = file.storyboard; name = Base; path = Base.lproj/LaunchScreen.storyboard; sourceTree = "<group>"; };
		F071D42E20E5BE42005D3571 /* Info.plist */ = {isa = PBXFileReference; lastKnownFileType = text.plist.xml; path = Info.plist; sourceTree = "<group>"; };
		F071D43320E5BE42005D3571 /* adsTests.xctest */ = {isa = PBXFileReference; explicitFileType = wrapper.cfbundle; includeInIndex = 0; path = adsTests.xctest; sourceTree = BUILT_PRODUCTS_DIR; };
		F071D43720E5BE42005D3571 /* adsTests.swift */ = {isa = PBXFileReference; lastKnownFileType = sourcecode.swift; path = adsTests.swift; sourceTree = "<group>"; };
		F071D43920E5BE42005D3571 /* Info.plist */ = {isa = PBXFileReference; lastKnownFileType = text.plist.xml; path = Info.plist; sourceTree = "<group>"; };
		F071D43E20E5BE42005D3571 /* adsUITests.xctest */ = {isa = PBXFileReference; explicitFileType = wrapper.cfbundle; includeInIndex = 0; path = adsUITests.xctest; sourceTree = BUILT_PRODUCTS_DIR; };
		F071D44220E5BE42005D3571 /* adsUITests.swift */ = {isa = PBXFileReference; lastKnownFileType = sourcecode.swift; path = adsUITests.swift; sourceTree = "<group>"; };
		F071D44420E5BE42005D3571 /* Info.plist */ = {isa = PBXFileReference; lastKnownFileType = text.plist.xml; path = Info.plist; sourceTree = "<group>"; };
/* End PBXFileReference section */

/* Begin PBXFrameworksBuildPhase section */
		F071D41C20E5BE3F005D3571 /* Frameworks */ = {
			isa = PBXFrameworksBuildPhase;
			buildActionMask = 2147483647;
			files = (
			);
			runOnlyForDeploymentPostprocessing = 0;
		};
		F071D43020E5BE42005D3571 /* Frameworks */ = {
			isa = PBXFrameworksBuildPhase;
			buildActionMask = 2147483647;
			files = (
			);
			runOnlyForDeploymentPostprocessing = 0;
		};
		F071D43B20E5BE42005D3571 /* Frameworks */ = {
			isa = PBXFrameworksBuildPhase;
			buildActionMask = 2147483647;
			files = (
			);
			runOnlyForDeploymentPostprocessing = 0;
		};
/* End PBXFrameworksBuildPhase section */

/* Begin PBXGroup section */
		F071D41620E5BE3F005D3571 = {
			isa = PBXGroup;
			children = (
				F071D42120E5BE3F005D3571 /* ads */,
				F071D43620E5BE42005D3571 /* adsTests */,
				F071D44120E5BE42005D3571 /* adsUITests */,
				F071D42020E5BE3F005D3571 /* Products */,
			);
			sourceTree = "<group>";
		};
		F071D42020E5BE3F005D3571 /* Products */ = {
			isa = PBXGroup;
			children = (
				F071D41F20E5BE3F005D3571 /* ads.app */,
				F071D43320E5BE42005D3571 /* adsTests.xctest */,
				F071D43E20E5BE42005D3571 /* adsUITests.xctest */,
			);
			name = Products;
			sourceTree = "<group>";
		};
		F071D42120E5BE3F005D3571 /* ads */ = {
			isa = PBXGroup;
			children = (
				F071D45020E5BEA0005D3571 /* Views */,
				F071D42220E5BE3F005D3571 /* AppDelegate.swift */,
				F071D42420E5BE3F005D3571 /* ViewController.swift */,
				F071D42920E5BE42005D3571 /* Assets.xcassets */,
				F071D42E20E5BE42005D3571 /* Info.plist */,
			);
			path = ads;
			sourceTree = "<group>";
		};
		F071D43620E5BE42005D3571 /* adsTests */ = {
			isa = PBXGroup;
			children = (
				F071D43720E5BE42005D3571 /* adsTests.swift */,
				F071D43920E5BE42005D3571 /* Info.plist */,
			);
			path = adsTests;
			sourceTree = "<group>";
		};
		F071D44120E5BE42005D3571 /* adsUITests */ = {
			isa = PBXGroup;
			children = (
				F071D44220E5BE42005D3571 /* adsUITests.swift */,
				F071D44420E5BE42005D3571 /* Info.plist */,
			);
			path = adsUITests;
			sourceTree = "<group>";
		};
		F071D45020E5BEA0005D3571 /* Views */ = {
			isa = PBXGroup;
			children = (
				F071D42620E5BE3F005D3571 /* Main.storyboard */,
				F071D42B20E5BE42005D3571 /* LaunchScreen.storyboard */,
			);
			name = Views;
			sourceTree = "<group>";
		};
/* End PBXGroup section */

/* Begin PBXNativeTarget section */
		F071D41E20E5BE3F005D3571 /* ads */ = {
			isa = PBXNativeTarget;
			buildConfigurationList = F071D44720E5BE42005D3571 /* Build configuration list for PBXNativeTarget "ads" */;
			buildPhases = (
				F071D41B20E5BE3F005D3571 /* Sources */,
				F071D41C20E5BE3F005D3571 /* Frameworks */,
				F071D41D20E5BE3F005D3571 /* Resources */,
			);
			buildRules = (
			);
			dependencies = (
			);
			name = ads;
			productName = ads;
			productReference = F071D41F20E5BE3F005D3571 /* ads.app */;
			productType = "com.apple.product-type.application";
		};
		F071D43220E5BE42005D3571 /* adsTests */ = {
			isa = PBXNativeTarget;
			buildConfigurationList = F071D44A20E5BE42005D3571 /* Build configuration list for PBXNativeTarget "adsTests" */;
			buildPhases = (
				F071D42F20E5BE42005D3571 /* Sources */,
				F071D43020E5BE42005D3571 /* Frameworks */,
				F071D43120E5BE42005D3571 /* Resources */,
			);
			buildRules = (
			);
			dependencies = (
				F071D43520E5BE42005D3571 /* PBXTargetDependency */,
			);
			name = adsTests;
			productName = adsTests;
			productReference = F071D43320E5BE42005D3571 /* adsTests.xctest */;
			productType = "com.apple.product-type.bundle.unit-test";
		};
		F071D43D20E5BE42005D3571 /* adsUITests */ = {
			isa = PBXNativeTarget;
			buildConfigurationList = F071D44D20E5BE42005D3571 /* Build configuration list for PBXNativeTarget "adsUITests" */;
			buildPhases = (
				F071D43A20E5BE42005D3571 /* Sources */,
				F071D43B20E5BE42005D3571 /* Frameworks */,
				F071D43C20E5BE42005D3571 /* Resources */,
			);
			buildRules = (
			);
			dependencies = (
				F071D44020E5BE42005D3571 /* PBXTargetDependency */,
			);
			name = adsUITests;
			productName = adsUITests;
			productReference = F071D43E20E5BE42005D3571 /* adsUITests.xctest */;
			productType = "com.apple.product-type.bundle.ui-testing";
		};
/* End PBXNativeTarget section */

/* Begin PBXProject section */
		F071D41720E5BE3F005D3571 /* Project object */ = {
			isa = PBXProject;
			attributes = {
				LastSwiftUpdateCheck = 1000;
				LastUpgradeCheck = 1000;
				ORGANIZATIONNAME = "Cassandra Sandquist";
				TargetAttributes = {
					F071D41E20E5BE3F005D3571 = {
						CreatedOnToolsVersion = 10.0;
					};
					F071D43220E5BE42005D3571 = {
						CreatedOnToolsVersion = 10.0;
						TestTargetID = F071D41E20E5BE3F005D3571;
					};
					F071D43D20E5BE42005D3571 = {
						CreatedOnToolsVersion = 10.0;
						TestTargetID = F071D41E20E5BE3F005D3571;
					};
				};
			};
			buildConfigurationList = F071D41A20E5BE3F005D3571 /* Build configuration list for PBXProject "ads" */;
			compatibilityVersion = "Xcode 9.3";
			developmentRegion = en;
			hasScannedForEncodings = 0;
			knownRegions = (
				en,
				Base,
			);
			mainGroup = F071D41620E5BE3F005D3571;
			productRefGroup = F071D42020E5BE3F005D3571 /* Products */;
			projectDirPath = "";
			projectRoot = "";
			targets = (
				F071D41E20E5BE3F005D3571 /* ads */,
				F071D43220E5BE42005D3571 /* adsTests */,
				F071D43D20E5BE42005D3571 /* adsUITests */,
			);
		};
/* End PBXProject section */

/* Begin PBXResourcesBuildPhase section */
		F071D41D20E5BE3F005D3571 /* Resources */ = {
			isa = PBXResourcesBuildPhase;
			buildActionMask = 2147483647;
			files = (
				F071D42D20E5BE42005D3571 /* LaunchScreen.storyboard in Resources */,
				F071D42A20E5BE42005D3571 /* Assets.xcassets in Resources */,
				F071D42820E5BE3F005D3571 /* Main.storyboard in Resources */,
			);
			runOnlyForDeploymentPostprocessing = 0;
		};
		F071D43120E5BE42005D3571 /* Resources */ = {
			isa = PBXResourcesBuildPhase;
			buildActionMask = 2147483647;
			files = (
			);
			runOnlyForDeploymentPostprocessing = 0;
		};
		F071D43C20E5BE42005D3571 /* Resources */ = {
			isa = PBXResourcesBuildPhase;
			buildActionMask = 2147483647;
			files = (
			);
			runOnlyForDeploymentPostprocessing = 0;
		};
/* End PBXResourcesBuildPhase section */

/* Begin PBXSourcesBuildPhase section */
		F071D41B20E5BE3F005D3571 /* Sources */ = {
			isa = PBXSourcesBuildPhase;
			buildActionMask = 2147483647;
			files = (
				F071D42520E5BE3F005D3571 /* ViewController.swift in Sources */,
				F071D42320E5BE3F005D3571 /* AppDelegate.swift in Sources */,
			);
			runOnlyForDeploymentPostprocessing = 0;
		};
		F071D42F20E5BE42005D3571 /* Sources */ = {
			isa = PBXSourcesBuildPhase;
			buildActionMask = 2147483647;
			files = (
				F071D43820E5BE42005D3571 /* adsTests.swift in Sources */,
			);
			runOnlyForDeploymentPostprocessing = 0;
		};
		F071D43A20E5BE42005D3571 /* Sources */ = {
			isa = PBXSourcesBuildPhase;
			buildActionMask = 2147483647;
			files = (
				F071D44320E5BE42005D3571 /* adsUITests.swift in Sources */,
			);
			runOnlyForDeploymentPostprocessing = 0;
		};
/* End PBXSourcesBuildPhase section */

/* Begin PBXTargetDependency section */
		F071D43520E5BE42005D3571 /* PBXTargetDependency */ = {
			isa = PBXTargetDependency;
			target = F071D41E20E5BE3F005D3571 /* ads */;
			targetProxy = F071D43420E5BE42005D3571 /* PBXContainerItemProxy */;
		};
		F071D44020E5BE42005D3571 /* PBXTargetDependency */ = {
			isa = PBXTargetDependency;
			target = F071D41E20E5BE3F005D3571 /* ads */;
			targetProxy = F071D43F20E5BE42005D3571 /* PBXContainerItemProxy */;
		};
/* End PBXTargetDependency section */

/* Begin PBXVariantGroup section */
		F071D42620E5BE3F005D3571 /* Main.storyboard */ = {
			isa = PBXVariantGroup;
			children = (
				F071D42720E5BE3F005D3571 /* Base */,
			);
			name = Main.storyboard;
			sourceTree = "<group>";
		};
		F071D42B20E5BE42005D3571 /* LaunchScreen.storyboard */ = {
			isa = PBXVariantGroup;
			children = (
				F071D42C20E5BE42005D3571 /* Base */,
			);
			name = LaunchScreen.storyboard;
			sourceTree = "<group>";
		};
/* End PBXVariantGroup section */

/* Begin XCBuildConfiguration section */
		F071D44520E5BE42005D3571 /* Debug */ = {
			isa = XCBuildConfiguration;
			buildSettings = {
				ALWAYS_SEARCH_USER_PATHS = NO;
				CLANG_ANALYZER_NONNULL = YES;
				CLANG_ANALYZER_NUMBER_OBJECT_CONVERSION = YES_AGGRESSIVE;
				CLANG_CXX_LANGUAGE_STANDARD = "gnu++14";
				CLANG_CXX_LIBRARY = "libc++";
				CLANG_ENABLE_MODULES = YES;
				CLANG_ENABLE_OBJC_ARC = YES;
				CLANG_ENABLE_OBJC_WEAK = YES;
				CLANG_WARN_BLOCK_CAPTURE_AUTORELEASING = YES;
				CLANG_WARN_BOOL_CONVERSION = YES;
				CLANG_WARN_COMMA = YES;
				CLANG_WARN_CONSTANT_CONVERSION = YES;
				CLANG_WARN_DEPRECATED_OBJC_IMPLEMENTATIONS = YES;
				CLANG_WARN_DIRECT_OBJC_ISA_USAGE = YES_ERROR;
				CLANG_WARN_DOCUMENTATION_COMMENTS = YES;
				CLANG_WARN_EMPTY_BODY = YES;
				CLANG_WARN_ENUM_CONVERSION = YES;
				CLANG_WARN_INFINITE_RECURSION = YES;
				CLANG_WARN_INT_CONVERSION = YES;
				CLANG_WARN_NON_LITERAL_NULL_CONVERSION = YES;
				CLANG_WARN_OBJC_IMPLICIT_RETAIN_SELF = YES;
				CLANG_WARN_OBJC_LITERAL_CONVERSION = YES;
				CLANG_WARN_OBJC_ROOT_CLASS = YES_ERROR;
				CLANG_WARN_RANGE_LOOP_ANALYSIS = YES;
				CLANG_WARN_STRICT_PROTOTYPES = YES;
				CLANG_WARN_SUSPICIOUS_MOVE = YES;
				CLANG_WARN_UNGUARDED_AVAILABILITY = YES_AGGRESSIVE;
				CLANG_WARN_UNREACHABLE_CODE = YES;
				CLANG_WARN__DUPLICATE_METHOD_MATCH = YES;
				CODE_SIGN_IDENTITY = "iPhone Developer";
				COPY_PHASE_STRIP = NO;
				DEBUG_INFORMATION_FORMAT = dwarf;
				ENABLE_STRICT_OBJC_MSGSEND = YES;
				ENABLE_TESTABILITY = YES;
				GCC_C_LANGUAGE_STANDARD = gnu11;
				GCC_DYNAMIC_NO_PIC = NO;
				GCC_NO_COMMON_BLOCKS = YES;
				GCC_OPTIMIZATION_LEVEL = 0;
				GCC_PREPROCESSOR_DEFINITIONS = (
					"DEBUG=1",
					"$(inherited)",
				);
				GCC_WARN_64_TO_32_BIT_CONVERSION = YES;
				GCC_WARN_ABOUT_RETURN_TYPE = YES_ERROR;
				GCC_WARN_UNDECLARED_SELECTOR = YES;
				GCC_WARN_UNINITIALIZED_AUTOS = YES_AGGRESSIVE;
				GCC_WARN_UNUSED_FUNCTION = YES;
				GCC_WARN_UNUSED_VARIABLE = YES;
				IPHONEOS_DEPLOYMENT_TARGET = 12.0;
				MTL_ENABLE_DEBUG_INFO = INCLUDE_SOURCE;
				ONLY_ACTIVE_ARCH = YES;
				SDKROOT = iphoneos;
				SWIFT_ACTIVE_COMPILATION_CONDITIONS = DEBUG;
				SWIFT_OPTIMIZATION_LEVEL = "-Onone";
			};
			name = Debug;
		};
		F071D44620E5BE42005D3571 /* Release */ = {
			isa = XCBuildConfiguration;
			buildSettings = {
				ALWAYS_SEARCH_USER_PATHS = NO;
				CLANG_ANALYZER_NONNULL = YES;
				CLANG_ANALYZER_NUMBER_OBJECT_CONVERSION = YES_AGGRESSIVE;
				CLANG_CXX_LANGUAGE_STANDARD = "gnu++14";
				CLANG_CXX_LIBRARY = "libc++";
				CLANG_ENABLE_MODULES = YES;
				CLANG_ENABLE_OBJC_ARC = YES;
				CLANG_ENABLE_OBJC_WEAK = YES;
				CLANG_WARN_BLOCK_CAPTURE_AUTORELEASING = YES;
				CLANG_WARN_BOOL_CONVERSION = YES;
				CLANG_WARN_COMMA = YES;
				CLANG_WARN_CONSTANT_CONVERSION = YES;
				CLANG_WARN_DEPRECATED_OBJC_IMPLEMENTATIONS = YES;
				CLANG_WARN_DIRECT_OBJC_ISA_USAGE = YES_ERROR;
				CLANG_WARN_DOCUMENTATION_COMMENTS = YES;
				CLANG_WARN_EMPTY_BODY = YES;
				CLANG_WARN_ENUM_CONVERSION = YES;
				CLANG_WARN_INFINITE_RECURSION = YES;
				CLANG_WARN_INT_CONVERSION = YES;
				CLANG_WARN_NON_LITERAL_NULL_CONVERSION = YES;
				CLANG_WARN_OBJC_IMPLICIT_RETAIN_SELF = YES;
				CLANG_WARN_OBJC_LITERAL_CONVERSION = YES;
				CLANG_WARN_OBJC_ROOT_CLASS = YES_ERROR;
				CLANG_WARN_RANGE_LOOP_ANALYSIS = YES;
				CLANG_WARN_STRICT_PROTOTYPES = YES;
				CLANG_WARN_SUSPICIOUS_MOVE = YES;
				CLANG_WARN_UNGUARDED_AVAILABILITY = YES_AGGRESSIVE;
				CLANG_WARN_UNREACHABLE_CODE = YES;
				CLANG_WARN__DUPLICATE_METHOD_MATCH = YES;
				CODE_SIGN_IDENTITY = "iPhone Developer";
				COPY_PHASE_STRIP = NO;
				DEBUG_INFORMATION_FORMAT = "dwarf-with-dsym";
				ENABLE_NS_ASSERTIONS = NO;
				ENABLE_STRICT_OBJC_MSGSEND = YES;
				GCC_C_LANGUAGE_STANDARD = gnu11;
				GCC_NO_COMMON_BLOCKS = YES;
				GCC_WARN_64_TO_32_BIT_CONVERSION = YES;
				GCC_WARN_ABOUT_RETURN_TYPE = YES_ERROR;
				GCC_WARN_UNDECLARED_SELECTOR = YES;
				GCC_WARN_UNINITIALIZED_AUTOS = YES_AGGRESSIVE;
				GCC_WARN_UNUSED_FUNCTION = YES;
				GCC_WARN_UNUSED_VARIABLE = YES;
				IPHONEOS_DEPLOYMENT_TARGET = 12.0;
				MTL_ENABLE_DEBUG_INFO = NO;
				SDKROOT = iphoneos;
				SWIFT_COMPILATION_MODE = wholemodule;
				SWIFT_OPTIMIZATION_LEVEL = "-O";
				VALIDATE_PRODUCT = YES;
			};
			name = Release;
		};
		F071D44820E5BE42005D3571 /* Debug */ = {
			isa = XCBuildConfiguration;
			buildSettings = {
				ASSETCATALOG_COMPILER_APPICON_NAME = AppIcon;
				CODE_SIGN_STYLE = Automatic;
				DEVELOPMENT_TEAM = M5SD2YQ3QM;
				INFOPLIST_FILE = ads/Info.plist;
				LD_RUNPATH_SEARCH_PATHS = (
					"$(inherited)",
					"@executable_path/Frameworks",
				);
				PRODUCT_BUNDLE_IDENTIFIER = edu.self.robotwholearned.ads;
				PRODUCT_NAME = "$(TARGET_NAME)";
				SWIFT_VERSION = 4.2;
				TARGETED_DEVICE_FAMILY = "1,2";
			};
			name = Debug;
		};
		F071D44920E5BE42005D3571 /* Release */ = {
			isa = XCBuildConfiguration;
			buildSettings = {
				ASSETCATALOG_COMPILER_APPICON_NAME = AppIcon;
				CODE_SIGN_STYLE = Automatic;
				DEVELOPMENT_TEAM = M5SD2YQ3QM;
				INFOPLIST_FILE = ads/Info.plist;
				LD_RUNPATH_SEARCH_PATHS = (
					"$(inherited)",
					"@executable_path/Frameworks",
				);
				PRODUCT_BUNDLE_IDENTIFIER = edu.self.robotwholearned.ads;
				PRODUCT_NAME = "$(TARGET_NAME)";
				SWIFT_VERSION = 4.2;
				TARGETED_DEVICE_FAMILY = "1,2";
			};
			name = Release;
		};
		F071D44B20E5BE42005D3571 /* Debug */ = {
			isa = XCBuildConfiguration;
			buildSettings = {
				ALWAYS_EMBED_SWIFT_STANDARD_LIBRARIES = YES;
				BUNDLE_LOADER = "$(TEST_HOST)";
				CODE_SIGN_STYLE = Automatic;
				DEVELOPMENT_TEAM = M5SD2YQ3QM;
				INFOPLIST_FILE = adsTests/Info.plist;
				LD_RUNPATH_SEARCH_PATHS = (
					"$(inherited)",
					"@executable_path/Frameworks",
					"@loader_path/Frameworks",
				);
				PRODUCT_BUNDLE_IDENTIFIER = edu.self.robotwholearned.adsTests;
				PRODUCT_NAME = "$(TARGET_NAME)";
				SWIFT_VERSION = 4.2;
				TARGETED_DEVICE_FAMILY = "1,2";
				TEST_HOST = "$(BUILT_PRODUCTS_DIR)/ads.app/ads";
			};
			name = Debug;
		};
		F071D44C20E5BE42005D3571 /* Release */ = {
			isa = XCBuildConfiguration;
			buildSettings = {
				ALWAYS_EMBED_SWIFT_STANDARD_LIBRARIES = YES;
				BUNDLE_LOADER = "$(TEST_HOST)";
				CODE_SIGN_STYLE = Automatic;
				DEVELOPMENT_TEAM = M5SD2YQ3QM;
				INFOPLIST_FILE = adsTests/Info.plist;
				LD_RUNPATH_SEARCH_PATHS = (
					"$(inherited)",
					"@executable_path/Frameworks",
					"@loader_path/Frameworks",
				);
				PRODUCT_BUNDLE_IDENTIFIER = edu.self.robotwholearned.adsTests;
				PRODUCT_NAME = "$(TARGET_NAME)";
				SWIFT_VERSION = 4.2;
				TARGETED_DEVICE_FAMILY = "1,2";
				TEST_HOST = "$(BUILT_PRODUCTS_DIR)/ads.app/ads";
			};
			name = Release;
		};
		F071D44E20E5BE42005D3571 /* Debug */ = {
			isa = XCBuildConfiguration;
			buildSettings = {
				ALWAYS_EMBED_SWIFT_STANDARD_LIBRARIES = YES;
				CODE_SIGN_STYLE = Automatic;
				DEVELOPMENT_TEAM = M5SD2YQ3QM;
				INFOPLIST_FILE = adsUITests/Info.plist;
				LD_RUNPATH_SEARCH_PATHS = (
					"$(inherited)",
					"@executable_path/Frameworks",
					"@loader_path/Frameworks",
				);
				PRODUCT_BUNDLE_IDENTIFIER = edu.self.robotwholearned.adsUITests;
				PRODUCT_NAME = "$(TARGET_NAME)";
				SWIFT_VERSION = 4.2;
				TARGETED_DEVICE_FAMILY = "1,2";
				TEST_TARGET_NAME = ads;
			};
			name = Debug;
		};
		F071D44F20E5BE42005D3571 /* Release */ = {
			isa = XCBuildConfiguration;
			buildSettings = {
				ALWAYS_EMBED_SWIFT_STANDARD_LIBRARIES = YES;
				CODE_SIGN_STYLE = Automatic;
				DEVELOPMENT_TEAM = M5SD2YQ3QM;
				INFOPLIST_FILE = adsUITests/Info.plist;
				LD_RUNPATH_SEARCH_PATHS = (
					"$(inherited)",
					"@executable_path/Frameworks",
					"@loader_path/Frameworks",
				);
				PRODUCT_BUNDLE_IDENTIFIER = edu.self.robotwholearned.adsUITests;
				PRODUCT_NAME = "$(TARGET_NAME)";
				SWIFT_VERSION = 4.2;
				TARGETED_DEVICE_FAMILY = "1,2";
				TEST_TARGET_NAME = ads;
			};
			name = Release;
		};
/* End XCBuildConfiguration section */

/* Begin XCConfigurationList section */
		F071D41A20E5BE3F005D3571 /* Build configuration list for PBXProject "ads" */ = {
			isa = XCConfigurationList;
			buildConfigurations = (
				F071D44520E5BE42005D3571 /* Debug */,
				F071D44620E5BE42005D3571 /* Release */,
			);
			defaultConfigurationIsVisible = 0;
			defaultConfigurationName = Release;
		};
		F071D44720E5BE42005D3571 /* Build configuration list for PBXNativeTarget "ads" */ = {
			isa = XCConfigurationList;
			buildConfigurations = (
				F071D44820E5BE42005D3571 /* Debug */,
				F071D44920E5BE42005D3571 /* Release */,
			);
			defaultConfigurationIsVisible = 0;
			defaultConfigurationName = Release;
		};
		F071D44A20E5BE42005D3571 /* Build configuration list for PBXNativeTarget "adsTests" */ = {
			isa = XCConfigurationList;
			buildConfigurations = (
				F071D44B20E5BE42005D3571 /* Debug */,
				F071D44C20E5BE42005D3571 /* Release */,
			);
			defaultConfigurationIsVisible = 0;
			defaultConfigurationName = Release;
		};
		F071D44D20E5BE42005D3571 /* Build configuration list for PBXNativeTarget "adsUITests" */ = {
			isa = XCConfigurationList;
			buildConfigurations = (
				F071D44E20E5BE42005D3571 /* Debug */,
				F071D44F20E5BE42005D3571 /* Release */,
			);
			defaultConfigurationIsVisible = 0;
			defaultConfigurationName = Release;
		};
/* End XCConfigurationList section */
	};
	rootObject = F071D41720E5BE3F005D3571 /* Project object */;
}
